// !$*UTF8*$!
{
	archiveVersion = 1;
	classes = {
	};
	objectVersion = 48;
	objects = {

/* Begin PBXBuildFile section */
		220A611D1FC8F4430064E282 /* AppDelegate.swift in Sources */ = {isa = PBXBuildFile; fileRef = 220A611C1FC8F4430064E282 /* AppDelegate.swift */; };
		220A611F1FC8F4430064E282 /* ViewController.swift in Sources */ = {isa = PBXBuildFile; fileRef = 220A611E1FC8F4430064E282 /* ViewController.swift */; };
		220A61221FC8F4430064E282 /* Main.storyboard in Resources */ = {isa = PBXBuildFile; fileRef = 220A61201FC8F4430064E282 /* Main.storyboard */; };
		220A61241FC8F4430064E282 /* Assets.xcassets in Resources */ = {isa = PBXBuildFile; fileRef = 220A61231FC8F4430064E282 /* Assets.xcassets */; };
		220A61271FC8F4430064E282 /* LaunchScreen.storyboard in Resources */ = {isa = PBXBuildFile; fileRef = 220A61251FC8F4430064E282 /* LaunchScreen.storyboard */; };
		220A612F1FC8FDE80064E282 /* MainTableViewController.swift in Sources */ = {isa = PBXBuildFile; fileRef = 220A612E1FC8FDE80064E282 /* MainTableViewController.swift */; };
		220A61311FC9005E0064E282 /* DetailTableViewController.swift in Sources */ = {isa = PBXBuildFile; fileRef = 220A61301FC9005E0064E282 /* DetailTableViewController.swift */; };
		223C9E9F1FD53A6E00A4DE1D /* MainTableViewController+DataSource.swift in Sources */ = {isa = PBXBuildFile; fileRef = 223C9E9E1FD53A6E00A4DE1D /* MainTableViewController+DataSource.swift */; };
		223C9EA11FD53ABA00A4DE1D /* MainTableViewController+ViewDelegate.swift in Sources */ = {isa = PBXBuildFile; fileRef = 223C9EA01FD53ABA00A4DE1D /* MainTableViewController+ViewDelegate.swift */; };
		223C9EA31FD53B3600A4DE1D /* MainTableViewController+Helper.swift in Sources */ = {isa = PBXBuildFile; fileRef = 223C9EA21FD53B3600A4DE1D /* MainTableViewController+Helper.swift */; };
		22642C761FD57E19004C1530 /* BookReviewRequest.swift in Sources */ = {isa = PBXBuildFile; fileRef = 22642C751FD57E19004C1530 /* BookReviewRequest.swift */; };
		22642C791FD58581004C1530 /* ReviewTableViewController.swift in Sources */ = {isa = PBXBuildFile; fileRef = 22642C781FD58581004C1530 /* ReviewTableViewController.swift */; };
		2293A31E1FCAE804005ECB8F /* ToolBarView.swift in Sources */ = {isa = PBXBuildFile; fileRef = 2293A31D1FCAE804005ECB8F /* ToolBarView.swift */; };
		2293A3201FCAE82C005ECB8F /* ToolBarView.xib in Resources */ = {isa = PBXBuildFile; fileRef = 2293A31F1FCAE82C005ECB8F /* ToolBarView.xib */; };
		22959BB11FD293BD008C89D9 /* Enums.swift in Sources */ = {isa = PBXBuildFile; fileRef = 22959BB01FD293BD008C89D9 /* Enums.swift */; };
		22959BB31FD2E290008C89D9 /* SectionModel.swift in Sources */ = {isa = PBXBuildFile; fileRef = 22959BB21FD2E290008C89D9 /* SectionModel.swift */; };
		22959BB61FD2E84A008C89D9 /* TableViewViewModel.swift in Sources */ = {isa = PBXBuildFile; fileRef = 22959BB51FD2E84A008C89D9 /* TableViewViewModel.swift */; };
		22959BB81FD2EB67008C89D9 /* CellModel.swift in Sources */ = {isa = PBXBuildFile; fileRef = 22959BB71FD2EB67008C89D9 /* CellModel.swift */; };
		22959BBB1FD4F8B9008C89D9 /* BookInfoCell.swift in Sources */ = {isa = PBXBuildFile; fileRef = 22959BBA1FD4F8B9008C89D9 /* BookInfoCell.swift */; };
		22959BBD1FD4FADA008C89D9 /* BookRatingCell.swift in Sources */ = {isa = PBXBuildFile; fileRef = 22959BBC1FD4FADA008C89D9 /* BookRatingCell.swift */; };
		22959BBF1FD5239D008C89D9 /* URLSessionClient.swift in Sources */ = {isa = PBXBuildFile; fileRef = 22959BBE1FD5239D008C89D9 /* URLSessionClient.swift */; };
		22D1B75C1FD651D100E1C3A7 /* BookReviewListTableViewCell.swift in Sources */ = {isa = PBXBuildFile; fileRef = 22D1B75A1FD651D100E1C3A7 /* BookReviewListTableViewCell.swift */; };
		22D1B75D1FD651D100E1C3A7 /* BookReviewListTableViewCell.xib in Resources */ = {isa = PBXBuildFile; fileRef = 22D1B75B1FD651D100E1C3A7 /* BookReviewListTableViewCell.xib */; };
		22D1B7611FD67DBE00E1C3A7 /* CellDataModelProtocol.swift in Sources */ = {isa = PBXBuildFile; fileRef = 22D1B7601FD67DBE00E1C3A7 /* CellDataModelProtocol.swift */; };
		22FD75231FD0FE5B009E875D /* DataModel.swift in Sources */ = {isa = PBXBuildFile; fileRef = 22FD75221FD0FE5B009E875D /* DataModel.swift */; };
		22FD75261FD10150009E875D /* NetworkProtocol.swift in Sources */ = {isa = PBXBuildFile; fileRef = 22FD75251FD10150009E875D /* NetworkProtocol.swift */; };
		22FD75281FD101AC009E875D /* BookRequest.swift in Sources */ = {isa = PBXBuildFile; fileRef = 22FD75271FD101AC009E875D /* BookRequest.swift */; };
		22FD752A1FD12CBD009E875D /* TableDataModelProtocol.swift in Sources */ = {isa = PBXBuildFile; fileRef = 22FD75291FD12CBD009E875D /* TableDataModelProtocol.swift */; };
/* End PBXBuildFile section */

/* Begin PBXFileReference section */
		220A61191FC8F4430064E282 /* SwitchBetweenCustomToolBarAndTabBar.app */ = {isa = PBXFileReference; explicitFileType = wrapper.application; includeInIndex = 0; path = SwitchBetweenCustomToolBarAndTabBar.app; sourceTree = BUILT_PRODUCTS_DIR; };
		220A611C1FC8F4430064E282 /* AppDelegate.swift */ = {isa = PBXFileReference; lastKnownFileType = sourcecode.swift; path = AppDelegate.swift; sourceTree = "<group>"; };
		220A611E1FC8F4430064E282 /* ViewController.swift */ = {isa = PBXFileReference; lastKnownFileType = sourcecode.swift; path = ViewController.swift; sourceTree = "<group>"; };
		220A61211FC8F4430064E282 /* Base */ = {isa = PBXFileReference; lastKnownFileType = file.storyboard; name = Base; path = Base.lproj/Main.storyboard; sourceTree = "<group>"; };
		220A61231FC8F4430064E282 /* Assets.xcassets */ = {isa = PBXFileReference; lastKnownFileType = folder.assetcatalog; path = Assets.xcassets; sourceTree = "<group>"; };
		220A61261FC8F4430064E282 /* Base */ = {isa = PBXFileReference; lastKnownFileType = file.storyboard; name = Base; path = Base.lproj/LaunchScreen.storyboard; sourceTree = "<group>"; };
		220A61281FC8F4430064E282 /* Info.plist */ = {isa = PBXFileReference; lastKnownFileType = text.plist.xml; path = Info.plist; sourceTree = "<group>"; };
		220A612E1FC8FDE80064E282 /* MainTableViewController.swift */ = {isa = PBXFileReference; lastKnownFileType = sourcecode.swift; path = MainTableViewController.swift; sourceTree = "<group>"; };
		220A61301FC9005E0064E282 /* DetailTableViewController.swift */ = {isa = PBXFileReference; lastKnownFileType = sourcecode.swift; path = DetailTableViewController.swift; sourceTree = "<group>"; };
		223C9E9E1FD53A6E00A4DE1D /* MainTableViewController+DataSource.swift */ = {isa = PBXFileReference; lastKnownFileType = sourcecode.swift; path = "MainTableViewController+DataSource.swift"; sourceTree = "<group>"; };
		223C9EA01FD53ABA00A4DE1D /* MainTableViewController+ViewDelegate.swift */ = {isa = PBXFileReference; lastKnownFileType = sourcecode.swift; path = "MainTableViewController+ViewDelegate.swift"; sourceTree = "<group>"; };
		223C9EA21FD53B3600A4DE1D /* MainTableViewController+Helper.swift */ = {isa = PBXFileReference; lastKnownFileType = sourcecode.swift; path = "MainTableViewController+Helper.swift"; sourceTree = "<group>"; };
		22642C751FD57E19004C1530 /* BookReviewRequest.swift */ = {isa = PBXFileReference; lastKnownFileType = sourcecode.swift; path = BookReviewRequest.swift; sourceTree = "<group>"; };
		22642C781FD58581004C1530 /* ReviewTableViewController.swift */ = {isa = PBXFileReference; lastKnownFileType = sourcecode.swift; path = ReviewTableViewController.swift; sourceTree = "<group>"; };
		2293A31D1FCAE804005ECB8F /* ToolBarView.swift */ = {isa = PBXFileReference; lastKnownFileType = sourcecode.swift; path = ToolBarView.swift; sourceTree = "<group>"; };
		2293A31F1FCAE82C005ECB8F /* ToolBarView.xib */ = {isa = PBXFileReference; lastKnownFileType = file.xib; path = ToolBarView.xib; sourceTree = "<group>"; };
		22959BB01FD293BD008C89D9 /* Enums.swift */ = {isa = PBXFileReference; lastKnownFileType = sourcecode.swift; path = Enums.swift; sourceTree = "<group>"; };
		22959BB21FD2E290008C89D9 /* SectionModel.swift */ = {isa = PBXFileReference; lastKnownFileType = sourcecode.swift; path = SectionModel.swift; sourceTree = "<group>"; };
		22959BB51FD2E84A008C89D9 /* TableViewViewModel.swift */ = {isa = PBXFileReference; lastKnownFileType = sourcecode.swift; path = TableViewViewModel.swift; sourceTree = "<group>"; };
		22959BB71FD2EB67008C89D9 /* CellModel.swift */ = {isa = PBXFileReference; lastKnownFileType = sourcecode.swift; path = CellModel.swift; sourceTree = "<group>"; };
		22959BBA1FD4F8B9008C89D9 /* BookInfoCell.swift */ = {isa = PBXFileReference; lastKnownFileType = sourcecode.swift; path = BookInfoCell.swift; sourceTree = "<group>"; };
		22959BBC1FD4FADA008C89D9 /* BookRatingCell.swift */ = {isa = PBXFileReference; lastKnownFileType = sourcecode.swift; path = BookRatingCell.swift; sourceTree = "<group>"; };
		22959BBE1FD5239D008C89D9 /* URLSessionClient.swift */ = {isa = PBXFileReference; lastKnownFileType = sourcecode.swift; path = URLSessionClient.swift; sourceTree = "<group>"; };
		22D1B75A1FD651D100E1C3A7 /* BookReviewListTableViewCell.swift */ = {isa = PBXFileReference; lastKnownFileType = sourcecode.swift; path = BookReviewListTableViewCell.swift; sourceTree = "<group>"; };
		22D1B75B1FD651D100E1C3A7 /* BookReviewListTableViewCell.xib */ = {isa = PBXFileReference; lastKnownFileType = file.xib; path = BookReviewListTableViewCell.xib; sourceTree = "<group>"; };
		22D1B7601FD67DBE00E1C3A7 /* CellDataModelProtocol.swift */ = {isa = PBXFileReference; lastKnownFileType = sourcecode.swift; path = CellDataModelProtocol.swift; sourceTree = "<group>"; };
		22FD75221FD0FE5B009E875D /* DataModel.swift */ = {isa = PBXFileReference; lastKnownFileType = sourcecode.swift; path = DataModel.swift; sourceTree = "<group>"; };
		22FD75251FD10150009E875D /* NetworkProtocol.swift */ = {isa = PBXFileReference; lastKnownFileType = sourcecode.swift; path = NetworkProtocol.swift; sourceTree = "<group>"; };
		22FD75271FD101AC009E875D /* BookRequest.swift */ = {isa = PBXFileReference; lastKnownFileType = sourcecode.swift; path = BookRequest.swift; sourceTree = "<group>"; };
		22FD75291FD12CBD009E875D /* TableDataModelProtocol.swift */ = {isa = PBXFileReference; lastKnownFileType = sourcecode.swift; path = TableDataModelProtocol.swift; sourceTree = "<group>"; };
/* End PBXFileReference section */

/* Begin PBXFrameworksBuildPhase section */
		220A61161FC8F4430064E282 /* Frameworks */ = {
			isa = PBXFrameworksBuildPhase;
			buildActionMask = 2147483647;
			files = (
			);
			runOnlyForDeploymentPostprocessing = 0;
		};
/* End PBXFrameworksBuildPhase section */

/* Begin PBXGroup section */
		220A61101FC8F4430064E282 = {
			isa = PBXGroup;
			children = (
				220A611B1FC8F4430064E282 /* SwitchBetweenCustomToolBarAndTabBar */,
				220A611A1FC8F4430064E282 /* Products */,
			);
			sourceTree = "<group>";
		};
		220A611A1FC8F4430064E282 /* Products */ = {
			isa = PBXGroup;
			children = (
				220A61191FC8F4430064E282 /* SwitchBetweenCustomToolBarAndTabBar.app */,
			);
			name = Products;
			sourceTree = "<group>";
		};
		220A611B1FC8F4430064E282 /* SwitchBetweenCustomToolBarAndTabBar */ = {
			isa = PBXGroup;
			children = (
				220A611C1FC8F4430064E282 /* AppDelegate.swift */,
				220A611E1FC8F4430064E282 /* ViewController.swift */,
				223C9EA41FD53CAE00A4DE1D /* MainTableView */,
				223C9EA51FD5427A00A4DE1D /* DetailTableView */,
				22642C771FD58568004C1530 /* ReviewTableView */,
				223C9E9D1FD53A1400A4DE1D /* Storyboard */,
				22959BB91FD3034E008C89D9 /* View */,
				22FD75241FD1012E009E875D /* Protocol */,
				22959BAF1FD2939D008C89D9 /* Enum */,
				22959BB41FD2E761008C89D9 /* ViewModel */,
				22FD75211FD0FE41009E875D /* Model */,
				220A61231FC8F4430064E282 /* Assets.xcassets */,
				220A61281FC8F4430064E282 /* Info.plist */,
			);
			path = SwitchBetweenCustomToolBarAndTabBar;
			sourceTree = "<group>";
		};
		223C9E9D1FD53A1400A4DE1D /* Storyboard */ = {
			isa = PBXGroup;
			children = (
				2293A31F1FCAE82C005ECB8F /* ToolBarView.xib */,
				220A61201FC8F4430064E282 /* Main.storyboard */,
				220A61251FC8F4430064E282 /* LaunchScreen.storyboard */,
				22D1B75B1FD651D100E1C3A7 /* BookReviewListTableViewCell.xib */,
			);
			path = Storyboard;
			sourceTree = "<group>";
		};
		223C9EA41FD53CAE00A4DE1D /* MainTableView */ = {
			isa = PBXGroup;
			children = (
				220A612E1FC8FDE80064E282 /* MainTableViewController.swift */,
				223C9EA21FD53B3600A4DE1D /* MainTableViewController+Helper.swift */,
				223C9E9E1FD53A6E00A4DE1D /* MainTableViewController+DataSource.swift */,
				223C9EA01FD53ABA00A4DE1D /* MainTableViewController+ViewDelegate.swift */,
			);
			path = MainTableView;
			sourceTree = "<group>";
		};
		223C9EA51FD5427A00A4DE1D /* DetailTableView */ = {
			isa = PBXGroup;
			children = (
				220A61301FC9005E0064E282 /* DetailTableViewController.swift */,
			);
			path = DetailTableView;
			sourceTree = "<group>";
		};
		22642C771FD58568004C1530 /* ReviewTableView */ = {
			isa = PBXGroup;
			children = (
				22642C781FD58581004C1530 /* ReviewTableViewController.swift */,
			);
			path = ReviewTableView;
			sourceTree = "<group>";
		};
		22959BAF1FD2939D008C89D9 /* Enum */ = {
			isa = PBXGroup;
			children = (
				22959BB01FD293BD008C89D9 /* Enums.swift */,
			);
			path = Enum;
			sourceTree = "<group>";
		};
		22959BB41FD2E761008C89D9 /* ViewModel */ = {
			isa = PBXGroup;
			children = (
				22959BB51FD2E84A008C89D9 /* TableViewViewModel.swift */,
			);
			path = ViewModel;
			sourceTree = "<group>";
		};
		22959BB91FD3034E008C89D9 /* View */ = {
			isa = PBXGroup;
			children = (
				2293A31D1FCAE804005ECB8F /* ToolBarView.swift */,
				22959BBA1FD4F8B9008C89D9 /* BookInfoCell.swift */,
				22959BBC1FD4FADA008C89D9 /* BookRatingCell.swift */,
				22D1B75A1FD651D100E1C3A7 /* BookReviewListTableViewCell.swift */,
			);
			path = View;
			sourceTree = "<group>";
		};
		22FD75211FD0FE41009E875D /* Model */ = {
			isa = PBXGroup;
			children = (
				22FD75271FD101AC009E875D /* BookRequest.swift */,
				22642C751FD57E19004C1530 /* BookReviewRequest.swift */,
				22959BBE1FD5239D008C89D9 /* URLSessionClient.swift */,
				22FD75221FD0FE5B009E875D /* DataModel.swift */,
				22959BB21FD2E290008C89D9 /* SectionModel.swift */,
				22959BB71FD2EB67008C89D9 /* CellModel.swift */,
			);
			path = Model;
			sourceTree = "<group>";
		};
		22FD75241FD1012E009E875D /* Protocol */ = {
			isa = PBXGroup;
			children = (
				22FD75251FD10150009E875D /* NetworkProtocol.swift */,
				22FD75291FD12CBD009E875D /* TableDataModelProtocol.swift */,
				22D1B7601FD67DBE00E1C3A7 /* CellDataModelProtocol.swift */,
			);
			path = Protocol;
			sourceTree = "<group>";
		};
/* End PBXGroup section */

/* Begin PBXNativeTarget section */
		220A61181FC8F4430064E282 /* SwitchBetweenCustomToolBarAndTabBar */ = {
			isa = PBXNativeTarget;
			buildConfigurationList = 220A612B1FC8F4430064E282 /* Build configuration list for PBXNativeTarget "SwitchBetweenCustomToolBarAndTabBar" */;
			buildPhases = (
				220A61151FC8F4430064E282 /* Sources */,
				220A61161FC8F4430064E282 /* Frameworks */,
				220A61171FC8F4430064E282 /* Resources */,
			);
			buildRules = (
			);
			dependencies = (
			);
			name = SwitchBetweenCustomToolBarAndTabBar;
			productName = SwitchBetweenCustomToolBarAndTabBar;
			productReference = 220A61191FC8F4430064E282 /* SwitchBetweenCustomToolBarAndTabBar.app */;
			productType = "com.apple.product-type.application";
		};
/* End PBXNativeTarget section */

/* Begin PBXProject section */
		220A61111FC8F4430064E282 /* Project object */ = {
			isa = PBXProject;
			attributes = {
				LastSwiftUpdateCheck = 0910;
				LastUpgradeCheck = 0910;
				ORGANIZATIONNAME = SinkingSoul;
				TargetAttributes = {
					220A61181FC8F4430064E282 = {
						CreatedOnToolsVersion = 9.1;
						ProvisioningStyle = Automatic;
					};
				};
			};
			buildConfigurationList = 220A61141FC8F4430064E282 /* Build configuration list for PBXProject "SwitchBetweenCustomToolBarAndTabBar" */;
			compatibilityVersion = "Xcode 8.0";
			developmentRegion = en;
			hasScannedForEncodings = 0;
			knownRegions = (
				en,
				Base,
			);
			mainGroup = 220A61101FC8F4430064E282;
			productRefGroup = 220A611A1FC8F4430064E282 /* Products */;
			projectDirPath = "";
			projectRoot = "";
			targets = (
				220A61181FC8F4430064E282 /* SwitchBetweenCustomToolBarAndTabBar */,
			);
		};
/* End PBXProject section */

/* Begin PBXResourcesBuildPhase section */
		220A61171FC8F4430064E282 /* Resources */ = {
			isa = PBXResourcesBuildPhase;
			buildActionMask = 2147483647;
			files = (
				220A61271FC8F4430064E282 /* LaunchScreen.storyboard in Resources */,
				22D1B75D1FD651D100E1C3A7 /* BookReviewListTableViewCell.xib in Resources */,
				220A61241FC8F4430064E282 /* Assets.xcassets in Resources */,
				2293A3201FCAE82C005ECB8F /* ToolBarView.xib in Resources */,
				220A61221FC8F4430064E282 /* Main.storyboard in Resources */,
			);
			runOnlyForDeploymentPostprocessing = 0;
		};
/* End PBXResourcesBuildPhase section */

/* Begin PBXSourcesBuildPhase section */
		220A61151FC8F4430064E282 /* Sources */ = {
			isa = PBXSourcesBuildPhase;
			buildActionMask = 2147483647;
			files = (
				22FD752A1FD12CBD009E875D /* TableDataModelProtocol.swift in Sources */,
				22959BBB1FD4F8B9008C89D9 /* BookInfoCell.swift in Sources */,
				22FD75281FD101AC009E875D /* BookRequest.swift in Sources */,
				22959BB11FD293BD008C89D9 /* Enums.swift in Sources */,
				22642C791FD58581004C1530 /* ReviewTableViewController.swift in Sources */,
				22959BBD1FD4FADA008C89D9 /* BookRatingCell.swift in Sources */,
				22D1B7611FD67DBE00E1C3A7 /* CellDataModelProtocol.swift in Sources */,
				220A61311FC9005E0064E282 /* DetailTableViewController.swift in Sources */,
				223C9EA31FD53B3600A4DE1D /* MainTableViewController+Helper.swift in Sources */,
				223C9EA11FD53ABA00A4DE1D /* MainTableViewController+ViewDelegate.swift in Sources */,
				22959BB31FD2E290008C89D9 /* SectionModel.swift in Sources */,
				22959BBF1FD5239D008C89D9 /* URLSessionClient.swift in Sources */,
				220A611F1FC8F4430064E282 /* ViewController.swift in Sources */,
				22FD75231FD0FE5B009E875D /* DataModel.swift in Sources */,
				22642C761FD57E19004C1530 /* BookReviewRequest.swift in Sources */,
				22D1B75C1FD651D100E1C3A7 /* BookReviewListTableViewCell.swift in Sources */,
				223C9E9F1FD53A6E00A4DE1D /* MainTableViewController+DataSource.swift in Sources */,
				2293A31E1FCAE804005ECB8F /* ToolBarView.swift in Sources */,
				220A612F1FC8FDE80064E282 /* MainTableViewController.swift in Sources */,
				22FD75261FD10150009E875D /* NetworkProtocol.swift in Sources */,
				22959BB81FD2EB67008C89D9 /* CellModel.swift in Sources */,
				22959BB61FD2E84A008C89D9 /* TableViewViewModel.swift in Sources */,
				220A611D1FC8F4430064E282 /* AppDelegate.swift in Sources */,
			);
			runOnlyForDeploymentPostprocessing = 0;
		};
/* End PBXSourcesBuildPhase section */

/* Begin PBXVariantGroup section */
		220A61201FC8F4430064E282 /* Main.storyboard */ = {
			isa = PBXVariantGroup;
			children = (
				220A61211FC8F4430064E282 /* Base */,
			);
			name = Main.storyboard;
			sourceTree = "<group>";
		};
		220A61251FC8F4430064E282 /* LaunchScreen.storyboard */ = {
			isa = PBXVariantGroup;
			children = (
				220A61261FC8F4430064E282 /* Base */,
			);
			name = LaunchScreen.storyboard;
			sourceTree = "<group>";
		};
/* End PBXVariantGroup section */

/* Begin XCBuildConfiguration section */
		220A61291FC8F4430064E282 /* Debug */ = {
			isa = XCBuildConfiguration;
			buildSettings = {
				ALWAYS_SEARCH_USER_PATHS = NO;
				CLANG_ANALYZER_NONNULL = YES;
				CLANG_ANALYZER_NUMBER_OBJECT_CONVERSION = YES_AGGRESSIVE;
				CLANG_CXX_LANGUAGE_STANDARD = "gnu++14";
				CLANG_CXX_LIBRARY = "libc++";
				CLANG_ENABLE_MODULES = YES;
				CLANG_ENABLE_OBJC_ARC = YES;
				CLANG_WARN_BLOCK_CAPTURE_AUTORELEASING = YES;
				CLANG_WARN_BOOL_CONVERSION = YES;
				CLANG_WARN_COMMA = YES;
				CLANG_WARN_CONSTANT_CONVERSION = YES;
				CLANG_WARN_DIRECT_OBJC_ISA_USAGE = YES_ERROR;
				CLANG_WARN_DOCUMENTATION_COMMENTS = YES;
				CLANG_WARN_EMPTY_BODY = YES;
				CLANG_WARN_ENUM_CONVERSION = YES;
				CLANG_WARN_INFINITE_RECURSION = YES;
				CLANG_WARN_INT_CONVERSION = YES;
				CLANG_WARN_NON_LITERAL_NULL_CONVERSION = YES;
				CLANG_WARN_OBJC_LITERAL_CONVERSION = YES;
				CLANG_WARN_OBJC_ROOT_CLASS = YES_ERROR;
				CLANG_WARN_RANGE_LOOP_ANALYSIS = YES;
				CLANG_WARN_STRICT_PROTOTYPES = YES;
				CLANG_WARN_SUSPICIOUS_MOVE = YES;
				CLANG_WARN_UNGUARDED_AVAILABILITY = YES_AGGRESSIVE;
				CLANG_WARN_UNREACHABLE_CODE = YES;
				CLANG_WARN__DUPLICATE_METHOD_MATCH = YES;
				CODE_SIGN_IDENTITY = "iPhone Developer";
				COPY_PHASE_STRIP = NO;
				DEBUG_INFORMATION_FORMAT = dwarf;
				ENABLE_STRICT_OBJC_MSGSEND = YES;
				ENABLE_TESTABILITY = YES;
				GCC_C_LANGUAGE_STANDARD = gnu11;
				GCC_DYNAMIC_NO_PIC = NO;
				GCC_NO_COMMON_BLOCKS = YES;
				GCC_OPTIMIZATION_LEVEL = 0;
				GCC_PREPROCESSOR_DEFINITIONS = (
					"DEBUG=1",
					"$(inherited)",
				);
				GCC_WARN_64_TO_32_BIT_CONVERSION = YES;
				GCC_WARN_ABOUT_RETURN_TYPE = YES_ERROR;
				GCC_WARN_UNDECLARED_SELECTOR = YES;
				GCC_WARN_UNINITIALIZED_AUTOS = YES_AGGRESSIVE;
				GCC_WARN_UNUSED_FUNCTION = YES;
				GCC_WARN_UNUSED_VARIABLE = YES;
				IPHONEOS_DEPLOYMENT_TARGET = 10.0;
				MTL_ENABLE_DEBUG_INFO = YES;
				ONLY_ACTIVE_ARCH = YES;
				SDKROOT = iphoneos;
				SWIFT_ACTIVE_COMPILATION_CONDITIONS = DEBUG;
				SWIFT_OPTIMIZATION_LEVEL = "-Onone";
				SWIFT_VERSION = 4.0;
			};
			name = Debug;
		};
		220A612A1FC8F4430064E282 /* Release */ = {
			isa = XCBuildConfiguration;
			buildSettings = {
				ALWAYS_SEARCH_USER_PATHS = NO;
				CLANG_ANALYZER_NONNULL = YES;
				CLANG_ANALYZER_NUMBER_OBJECT_CONVERSION = YES_AGGRESSIVE;
				CLANG_CXX_LANGUAGE_STANDARD = "gnu++14";
				CLANG_CXX_LIBRARY = "libc++";
				CLANG_ENABLE_MODULES = YES;
				CLANG_ENABLE_OBJC_ARC = YES;
				CLANG_WARN_BLOCK_CAPTURE_AUTORELEASING = YES;
				CLANG_WARN_BOOL_CONVERSION = YES;
				CLANG_WARN_COMMA = YES;
				CLANG_WARN_CONSTANT_CONVERSION = YES;
				CLANG_WARN_DIRECT_OBJC_ISA_USAGE = YES_ERROR;
				CLANG_WARN_DOCUMENTATION_COMMENTS = YES;
				CLANG_WARN_EMPTY_BODY = YES;
				CLANG_WARN_ENUM_CONVERSION = YES;
				CLANG_WARN_INFINITE_RECURSION = YES;
				CLANG_WARN_INT_CONVERSION = YES;
				CLANG_WARN_NON_LITERAL_NULL_CONVERSION = YES;
				CLANG_WARN_OBJC_LITERAL_CONVERSION = YES;
				CLANG_WARN_OBJC_ROOT_CLASS = YES_ERROR;
				CLANG_WARN_RANGE_LOOP_ANALYSIS = YES;
				CLANG_WARN_STRICT_PROTOTYPES = YES;
				CLANG_WARN_SUSPICIOUS_MOVE = YES;
				CLANG_WARN_UNGUARDED_AVAILABILITY = YES_AGGRESSIVE;
				CLANG_WARN_UNREACHABLE_CODE = YES;
				CLANG_WARN__DUPLICATE_METHOD_MATCH = YES;
				CODE_SIGN_IDENTITY = "iPhone Developer";
				COPY_PHASE_STRIP = NO;
				DEBUG_INFORMATION_FORMAT = "dwarf-with-dsym";
				ENABLE_NS_ASSERTIONS = NO;
				ENABLE_STRICT_OBJC_MSGSEND = YES;
				GCC_C_LANGUAGE_STANDARD = gnu11;
				GCC_NO_COMMON_BLOCKS = YES;
				GCC_WARN_64_TO_32_BIT_CONVERSION = YES;
				GCC_WARN_ABOUT_RETURN_TYPE = YES_ERROR;
				GCC_WARN_UNDECLARED_SELECTOR = YES;
				GCC_WARN_UNINITIALIZED_AUTOS = YES_AGGRESSIVE;
				GCC_WARN_UNUSED_FUNCTION = YES;
				GCC_WARN_UNUSED_VARIABLE = YES;
				IPHONEOS_DEPLOYMENT_TARGET = 10.0;
				MTL_ENABLE_DEBUG_INFO = NO;
				SDKROOT = iphoneos;
				SWIFT_OPTIMIZATION_LEVEL = "-Owholemodule";
				SWIFT_VERSION = 4.0;
				VALIDATE_PRODUCT = YES;
			};
			name = Release;
		};
		220A612C1FC8F4430064E282 /* Debug */ = {
			isa = XCBuildConfiguration;
			buildSettings = {
				ASSETCATALOG_COMPILER_APPICON_NAME = AppIcon;
				CODE_SIGN_STYLE = Automatic;
				DEVELOPMENT_TEAM = 8WBJVGLUJ4;
				INFOPLIST_FILE = SwitchBetweenCustomToolBarAndTabBar/Info.plist;
				IPHONEOS_DEPLOYMENT_TARGET = 10.0;
				LD_RUNPATH_SEARCH_PATHS = "$(inherited) @executable_path/Frameworks";
				PRODUCT_BUNDLE_IDENTIFIER = com.sinkingsoul.SwitchBetweenCustomToolBarAndTabBar;
				PRODUCT_NAME = "$(TARGET_NAME)";
				SWIFT_VERSION = 4.0;
				TARGETED_DEVICE_FAMILY = "1,2";
			};
			name = Debug;
		};
		220A612D1FC8F4430064E282 /* Release */ = {
			isa = XCBuildConfiguration;
			buildSettings = {
				ASSETCATALOG_COMPILER_APPICON_NAME = AppIcon;
				CODE_SIGN_STYLE = Automatic;
				DEVELOPMENT_TEAM = 8WBJVGLUJ4;
				INFOPLIST_FILE = SwitchBetweenCustomToolBarAndTabBar/Info.plist;
				IPHONEOS_DEPLOYMENT_TARGET = 10.0;
				LD_RUNPATH_SEARCH_PATHS = "$(inherited) @executable_path/Frameworks";
				PRODUCT_BUNDLE_IDENTIFIER = com.sinkingsoul.SwitchBetweenCustomToolBarAndTabBar;
				PRODUCT_NAME = "$(TARGET_NAME)";
				SWIFT_VERSION = 4.0;
				TARGETED_DEVICE_FAMILY = "1,2";
			};
			name = Release;
		};
/* End XCBuildConfiguration section */

/* Begin XCConfigurationList section */
		220A61141FC8F4430064E282 /* Build configuration list for PBXProject "SwitchBetweenCustomToolBarAndTabBar" */ = {
			isa = XCConfigurationList;
			buildConfigurations = (
				220A61291FC8F4430064E282 /* Debug */,
				220A612A1FC8F4430064E282 /* Release */,
			);
			defaultConfigurationIsVisible = 0;
			defaultConfigurationName = Release;
		};
		220A612B1FC8F4430064E282 /* Build configuration list for PBXNativeTarget "SwitchBetweenCustomToolBarAndTabBar" */ = {
			isa = XCConfigurationList;
			buildConfigurations = (
				220A612C1FC8F4430064E282 /* Debug */,
				220A612D1FC8F4430064E282 /* Release */,
			);
			defaultConfigurationIsVisible = 0;
			defaultConfigurationName = Release;
		};
/* End XCConfigurationList section */
	};
	rootObject = 220A61111FC8F4430064E282 /* Project object */;
}
